// !$*UTF8*$!
{
	archiveVersion = 1;
	classes = {
	};
	objectVersion = 42;
	objects = {

/* Begin PBXBuildFile section */
		3357E43708DFAE82000E7BB5 /* defaults.plist in Resources */ = {isa = PBXBuildFile; fileRef = 3357E43608DFAE82000E7BB5 /* defaults.plist */; };
		338750F208DE3F9A00BB1F44 /* MyWindowController.m in Sources */ = {isa = PBXBuildFile; fileRef = 338750F008DE3F9A00BB1F44 /* MyWindowController.m */; };
		3387515308DE6E3300BB1F44 /* MainMenu.nib in Resources */ = {isa = PBXBuildFile; fileRef = 29B97319FDCFA39411CA2CEA /* MainMenu.nib */; };
		33D6DE8508DE9135009B4250 /* Preferences.nib in Resources */ = {isa = PBXBuildFile; fileRef = 33D6DE8408DE9135009B4250 /* Preferences.nib */; };
		33D6DE9408DE93B7009B4250 /* MyApplication.m in Sources */ = {isa = PBXBuildFile; fileRef = 33D6DE9308DE93B7009B4250 /* MyApplication.m */; };
		33D6DE9708DE972E009B4250 /* PrefsWindowController.m in Sources */ = {isa = PBXBuildFile; fileRef = 33D6DE9608DE972E009B4250 /* PrefsWindowController.m */; };
		33F49B580C98C168006E53D0 /* Runner Icon.icns in Resources */ = {isa = PBXBuildFile; fileRef = 33F49B570C98C168006E53D0 /* Runner Icon.icns */; };
		33F49B6C0C98C375006E53D0 /* defaultscript.sh in Resources */ = {isa = PBXBuildFile; fileRef = 33F49B6B0C98C375006E53D0 /* defaultscript.sh */; };
		8D11072D0486CEB800E47090 /* main.m in Sources */ = {isa = PBXBuildFile; fileRef = 29B97316FDCFA39411CA2CEA /* main.m */; settings = {ATTRIBUTES = (); }; };
		8D11072F0486CEB800E47090 /* Cocoa.framework in Frameworks */ = {isa = PBXBuildFile; fileRef = 1058C7A1FEA54F0111CA2CBB /* Cocoa.framework */; };
/* End PBXBuildFile section */

/* Begin PBXFileReference section */
		1058C7A1FEA54F0111CA2CBB /* Cocoa.framework */ = {isa = PBXFileReference; lastKnownFileType = wrapper.framework; name = Cocoa.framework; path = /System/Library/Frameworks/Cocoa.framework; sourceTree = "<absolute>"; };
		13E42FB307B3F0F600E4EEF1 /* CoreData.framework */ = {isa = PBXFileReference; lastKnownFileType = wrapper.framework; name = CoreData.framework; path = /System/Library/Frameworks/CoreData.framework; sourceTree = "<absolute>"; };
		29B97316FDCFA39411CA2CEA /* main.m */ = {isa = PBXFileReference; fileEncoding = 4; lastKnownFileType = sourcecode.c.objc; path = main.m; sourceTree = "<group>"; };
		29B97319FDCFA39411CA2CEA /* MainMenu.nib */ = {isa = PBXFileReference; lastKnownFileType = wrapper.nib; path = MainMenu.nib; sourceTree = "<group>"; };
		29B97324FDCFA39411CA2CEA /* AppKit.framework */ = {isa = PBXFileReference; lastKnownFileType = wrapper.framework; name = AppKit.framework; path = /System/Library/Frameworks/AppKit.framework; sourceTree = "<absolute>"; };
		29B97325FDCFA39411CA2CEA /* Foundation.framework */ = {isa = PBXFileReference; lastKnownFileType = wrapper.framework; name = Foundation.framework; path = /System/Library/Frameworks/Foundation.framework; sourceTree = "<absolute>"; };
		32CA4F630368D1EE00C91783 /* Runner_Prefix.pch */ = {isa = PBXFileReference; fileEncoding = 4; lastKnownFileType = sourcecode.c.h; path = Runner_Prefix.pch; sourceTree = "<group>"; };
		3357E43608DFAE82000E7BB5 /* defaults.plist */ = {isa = PBXFileReference; fileEncoding = 4; lastKnownFileType = text.plist; path = defaults.plist; sourceTree = "<group>"; };
		337705AD08E9426000B4FF7D /* Runner.app */ = {isa = PBXFileReference; includeInIndex = 0; lastKnownFileType = wrapper.application; path = Runner.app; sourceTree = BUILT_PRODUCTS_DIR; };
		338750F008DE3F9A00BB1F44 /* MyWindowController.m */ = {isa = PBXFileReference; fileEncoding = 30; lastKnownFileType = sourcecode.c.objc; path = MyWindowController.m; sourceTree = "<group>"; };
		338750F108DE3F9A00BB1F44 /* MyWindowController.h */ = {isa = PBXFileReference; fileEncoding = 30; lastKnownFileType = sourcecode.c.h; path = MyWindowController.h; sourceTree = "<group>"; };
		33D6DE8408DE9135009B4250 /* Preferences.nib */ = {isa = PBXFileReference; lastKnownFileType = wrapper.nib; path = Preferences.nib; sourceTree = "<group>"; };
		33D6DE9208DE93B7009B4250 /* MyApplication.h */ = {isa = PBXFileReference; fileEncoding = 30; lastKnownFileType = sourcecode.c.h; path = MyApplication.h; sourceTree = "<group>"; };
		33D6DE9308DE93B7009B4250 /* MyApplication.m */ = {isa = PBXFileReference; fileEncoding = 30; lastKnownFileType = sourcecode.c.objc; path = MyApplication.m; sourceTree = "<group>"; };
		33D6DE9508DE972E009B4250 /* PrefsWindowController.h */ = {isa = PBXFileReference; fileEncoding = 30; lastKnownFileType = sourcecode.c.h; path = PrefsWindowController.h; sourceTree = "<group>"; };
		33D6DE9608DE972E009B4250 /* PrefsWindowController.m */ = {isa = PBXFileReference; fileEncoding = 30; lastKnownFileType = sourcecode.c.objc; path = PrefsWindowController.m; sourceTree = "<group>"; };
		33F49B570C98C168006E53D0 /* Runner Icon.icns */ = {isa = PBXFileReference; lastKnownFileType = image.icns; path = "Runner Icon.icns"; sourceTree = "<group>"; };
		33F49B6B0C98C375006E53D0 /* defaultscript.sh */ = {isa = PBXFileReference; fileEncoding = 4; lastKnownFileType = text.script.sh; path = defaultscript.sh; sourceTree = "<group>"; };
		8D1107310486CEB800E47090 /* Info.plist */ = {isa = PBXFileReference; fileEncoding = 4; lastKnownFileType = text.plist; path = Info.plist; sourceTree = "<group>"; };
/* End PBXFileReference section */

/* Begin PBXFrameworksBuildPhase section */
		8D11072E0486CEB800E47090 /* Frameworks */ = {
			isa = PBXFrameworksBuildPhase;
			buildActionMask = 2147483647;
			files = (
				8D11072F0486CEB800E47090 /* Cocoa.framework in Frameworks */,
			);
			runOnlyForDeploymentPostprocessing = 0;
		};
/* End PBXFrameworksBuildPhase section */

/* Begin PBXGroup section */
		080E96DDFE201D6D7F000001 /* Classes */ = {
			isa = PBXGroup;
			children = (
			);
			name = Classes;
			sourceTree = "<group>";
		};
		1058C7A0FEA54F0111CA2CBB /* Linked Frameworks */ = {
			isa = PBXGroup;
			children = (
				1058C7A1FEA54F0111CA2CBB /* Cocoa.framework */,
			);
			name = "Linked Frameworks";
			sourceTree = "<group>";
		};
		1058C7A2FEA54F0111CA2CBB /* Other Frameworks */ = {
			isa = PBXGroup;
			children = (
				29B97324FDCFA39411CA2CEA /* AppKit.framework */,
				13E42FB307B3F0F600E4EEF1 /* CoreData.framework */,
				29B97325FDCFA39411CA2CEA /* Foundation.framework */,
			);
			name = "Other Frameworks";
			sourceTree = "<group>";
		};
		19C28FACFE9D520D11CA2CBB /* Products */ = {
			isa = PBXGroup;
			children = (
				337705AD08E9426000B4FF7D /* Runner.app */,
			);
			name = Products;
			sourceTree = "<group>";
		};
		29B97314FDCFA39411CA2CEA /* Runner */ = {
			isa = PBXGroup;
			children = (
				33F49B570C98C168006E53D0 /* Runner Icon.icns */,
				33D6DE9208DE93B7009B4250 /* MyApplication.h */,
				33D6DE9308DE93B7009B4250 /* MyApplication.m */,
				080E96DDFE201D6D7F000001 /* Classes */,
				29B97315FDCFA39411CA2CEA /* Other Sources */,
				29B97317FDCFA39411CA2CEA /* Resources */,
				29B97323FDCFA39411CA2CEA /* Frameworks */,
				19C28FACFE9D520D11CA2CBB /* Products */,
				33D6DE9508DE972E009B4250 /* PrefsWindowController.h */,
				33D6DE9608DE972E009B4250 /* PrefsWindowController.m */,
			);
			name = Runner;
			sourceTree = "<group>";
		};
		29B97315FDCFA39411CA2CEA /* Other Sources */ = {
			isa = PBXGroup;
			children = (
				32CA4F630368D1EE00C91783 /* Runner_Prefix.pch */,
				29B97316FDCFA39411CA2CEA /* main.m */,
				338750F008DE3F9A00BB1F44 /* MyWindowController.m */,
				338750F108DE3F9A00BB1F44 /* MyWindowController.h */,
			);
			name = "Other Sources";
			sourceTree = "<group>";
		};
		29B97317FDCFA39411CA2CEA /* Resources */ = {
			isa = PBXGroup;
			children = (
				33F49B6B0C98C375006E53D0 /* defaultscript.sh */,
				8D1107310486CEB800E47090 /* Info.plist */,
				3357E43608DFAE82000E7BB5 /* defaults.plist */,
				29B97319FDCFA39411CA2CEA /* MainMenu.nib */,
				33D6DE8408DE9135009B4250 /* Preferences.nib */,
			);
			name = Resources;
			sourceTree = "<group>";
		};
		29B97323FDCFA39411CA2CEA /* Frameworks */ = {
			isa = PBXGroup;
			children = (
				1058C7A0FEA54F0111CA2CBB /* Linked Frameworks */,
				1058C7A2FEA54F0111CA2CBB /* Other Frameworks */,
			);
			name = Frameworks;
			sourceTree = "<group>";
		};
/* End PBXGroup section */

/* Begin PBXNativeTarget section */
		8D1107260486CEB800E47090 /* Runner */ = {
			isa = PBXNativeTarget;
			buildConfigurationList = 33179BC808E93C5F003BFD61 /* Build configuration list for PBXNativeTarget "Runner" */;
			buildPhases = (
				8D1107290486CEB800E47090 /* Resources */,
				8D11072C0486CEB800E47090 /* Sources */,
				8D11072E0486CEB800E47090 /* Frameworks */,
			);
			buildRules = (
			);
			dependencies = (
			);
			name = Runner;
			productInstallPath = "$(HOME)/Applications";
			productName = Runner;
			productReference = 337705AD08E9426000B4FF7D /* Runner.app */;
			productType = "com.apple.product-type.application";
		};
/* End PBXNativeTarget section */

/* Begin PBXProject section */
		29B97313FDCFA39411CA2CEA /* Project object */ = {
			isa = PBXProject;
			buildConfigurationList = 33179BCC08E93C5F003BFD61 /* Build configuration list for PBXProject "Runner" */;
			hasScannedForEncodings = 1;
			mainGroup = 29B97314FDCFA39411CA2CEA /* Runner */;
			projectDirPath = "";
			targets = (
				8D1107260486CEB800E47090 /* Runner */,
			);
		};
/* End PBXProject section */

/* Begin PBXResourcesBuildPhase section */
		8D1107290486CEB800E47090 /* Resources */ = {
			isa = PBXResourcesBuildPhase;
			buildActionMask = 2147483647;
			files = (
				3387515308DE6E3300BB1F44 /* MainMenu.nib in Resources */,
				33D6DE8508DE9135009B4250 /* Preferences.nib in Resources */,
				3357E43708DFAE82000E7BB5 /* defaults.plist in Resources */,
				33F49B580C98C168006E53D0 /* Runner Icon.icns in Resources */,
				33F49B6C0C98C375006E53D0 /* defaultscript.sh in Resources */,
			);
			runOnlyForDeploymentPostprocessing = 0;
		};
/* End PBXResourcesBuildPhase section */

/* Begin PBXSourcesBuildPhase section */
		8D11072C0486CEB800E47090 /* Sources */ = {
			isa = PBXSourcesBuildPhase;
			buildActionMask = 2147483647;
			files = (
				8D11072D0486CEB800E47090 /* main.m in Sources */,
				338750F208DE3F9A00BB1F44 /* MyWindowController.m in Sources */,
				33D6DE9408DE93B7009B4250 /* MyApplication.m in Sources */,
				33D6DE9708DE972E009B4250 /* PrefsWindowController.m in Sources */,
			);
			runOnlyForDeploymentPostprocessing = 0;
		};
/* End PBXSourcesBuildPhase section */

/* Begin XCBuildConfiguration section */
		33179BC908E93C5F003BFD61 /* Development */ = {
			isa = XCBuildConfiguration;
			buildSettings = {
				COPY_PHASE_STRIP = NO;
				GCC_DYNAMIC_NO_PIC = NO;
				GCC_ENABLE_FIX_AND_CONTINUE = YES;
				GCC_GENERATE_DEBUGGING_SYMBOLS = YES;
				GCC_OPTIMIZATION_LEVEL = 0;
				GCC_PRECOMPILE_PREFIX_HEADER = YES;
				GCC_PREFIX_HEADER = Runner_Prefix.pch;
				GCC_WARN_ABOUT_RETURN_TYPE = YES;
				GCC_WARN_UNUSED_VARIABLE = YES;
				INFOPLIST_FILE = Info.plist;
				INSTALL_PATH = "$(HOME)/Applications";
				PREBINDING = NO;
				PRODUCT_NAME = Runner;
				WRAPPER_EXTENSION = app;
				ZERO_LINK = YES;
			};
			name = Development;
		};
		33179BCA08E93C5F003BFD61 /* Deployment */ = {
			isa = XCBuildConfiguration;
			buildSettings = {
				COPY_PHASE_STRIP = YES;
				GCC_ENABLE_FIX_AND_CONTINUE = NO;
				GCC_GENERATE_DEBUGGING_SYMBOLS = NO;
				GCC_PRECOMPILE_PREFIX_HEADER = YES;
				GCC_PREFIX_HEADER = Runner_Prefix.pch;
				GCC_WARN_ABOUT_RETURN_TYPE = YES;
				GCC_WARN_UNUSED_VARIABLE = YES;
				INFOPLIST_FILE = Info.plist;
				INSTALL_PATH = "$(HOME)/Applications";
				PREBINDING = NO;
				PRODUCT_NAME = Runner;
				WRAPPER_EXTENSION = app;
				ZERO_LINK = NO;
			};
			name = Deployment;
		};
		33179BCB08E93C5F003BFD61 /* Default */ = {
			isa = XCBuildConfiguration;
			buildSettings = {
				GCC_GENERATE_DEBUGGING_SYMBOLS = NO;
				GCC_PRECOMPILE_PREFIX_HEADER = YES;
				GCC_PREFIX_HEADER = Runner_Prefix.pch;
				GCC_WARN_ABOUT_RETURN_TYPE = YES;
				GCC_WARN_UNUSED_VARIABLE = YES;
				INFOPLIST_FILE = Info.plist;
				INSTALL_PATH = "$(HOME)/Applications";
				PRODUCT_NAME = Runner;
				WRAPPER_EXTENSION = app;
			};
			name = Default;
		};
		33179BCD08E93C5F003BFD61 /* Development */ = {
			isa = XCBuildConfiguration;
			buildSettings = {
			};
			name = Development;
		};
		33179BCE08E93C5F003BFD61 /* Deployment */ = {
			isa = XCBuildConfiguration;
			buildSettings = {
				ARCHS = (
					i386,
					ppc,
				);
			};
			name = Deployment;
		};
		33179BCF08E93C5F003BFD61 /* Default */ = {
			isa = XCBuildConfiguration;
			buildSettings = {
			};
			name = Default;
		};
/* End XCBuildConfiguration section */

/* Begin XCConfigurationList section */
		33179BC808E93C5F003BFD61 /* Build configuration list for PBXNativeTarget "Runner" */ = {
			isa = XCConfigurationList;
			buildConfigurations = (
				33179BC908E93C5F003BFD61 /* Development */,
				33179BCA08E93C5F003BFD61 /* Deployment */,
				33179BCB08E93C5F003BFD61 /* Default */,
			);
			defaultConfigurationIsVisible = 0;
			defaultConfigurationName = Default;
		};
		33179BCC08E93C5F003BFD61 /* Build configuration list for PBXProject "Runner" */ = {
			isa = XCConfigurationList;
			buildConfigurations = (
				33179BCD08E93C5F003BFD61 /* Development */,
				33179BCE08E93C5F003BFD61 /* Deployment */,
				33179BCF08E93C5F003BFD61 /* Default */,
			);
			defaultConfigurationIsVisible = 0;
			defaultConfigurationName = Default;
		};
/* End XCConfigurationList section */
	};
	rootObject = 29B97313FDCFA39411CA2CEA /* Project object */;
}
